
Microsoft Visual Studio Solution File, Format Version 12.00
# Visual Studio 15
VisualStudioVersion = 15.0.27703.2042
MinimumVisualStudioVersion = 10.0.40219.1
Project("{FAE04EC0-301F-11D3-BF4B-00C04F79EFBC}") = "Assignment1", "Assignment1\Assignment1.csproj", "{EC32A7C3-3DF7-4F59-896F-5807A74D6B49}"
EndProject
Global
	GlobalSection(SolutionConfigurationPlatforms) = preSolution
		Debug|Any CPU = Debug|Any CPU
		Release|Any CPU = Release|Any CPU
	EndGlobalSection
	GlobalSection(ProjectConfigurationPlatforms) = postSolution
		{EC32A7C3-3DF7-4F59-896F-5807A74D6B49}.Debug|Any CPU.ActiveCfg = Debug|Any CPU
		{EC32A7C3-3DF7-4F59-896F-5807A74D6B49}.Debug|Any CPU.Build.0 = Debug|Any CPU
		{EC32A7C3-3DF7-4F59-896F-5807A74D6B49}.Release|Any CPU.ActiveCfg = Release|Any CPU
		{EC32A7C3-3DF7-4F59-896F-5807A74D6B49}.Release|Any CPU.Build.0 = Release|Any CPU
	EndGlobalSection
	GlobalSection(SolutionProperties) = preSolution
		HideSolutionNode = FALSE
	EndGlobalSection
	GlobalSection(ExtensibilityGlobals) = postSolution
		SolutionGuid = {2799B3A3-23D7-48D0-811A-1A00A44756EB}
	EndGlobalSection
EndGlobal
